// !$*UTF8*$!
{
	archiveVersion = 1;
	classes = {
	};
	objectVersion = 46;
	objects = {

/* Begin PBXBuildFile section */
		16014A5C17DFF00600A71FF5 /* CredentialsViewController.xib in Resources */ = {isa = PBXBuildFile; fileRef = 16014A5A17DFF00600A71FF5 /* CredentialsViewController.xib */; };
		162322781791DCD700EE05EF /* DOSize.m in Sources */ = {isa = PBXBuildFile; fileRef = 162322771791DCD700EE05EF /* DOSize.m */; };
		162322791791DCD700EE05EF /* DOSize.m in Sources */ = {isa = PBXBuildFile; fileRef = 162322771791DCD700EE05EF /* DOSize.m */; };
		1623227D1791F2D300EE05EF /* DOData.m in Sources */ = {isa = PBXBuildFile; fileRef = 1623227C1791F2D300EE05EF /* DOData.m */; };
		1623227E1791F2D300EE05EF /* DOData.m in Sources */ = {isa = PBXBuildFile; fileRef = 1623227C1791F2D300EE05EF /* DOData.m */; };
		162322811791F91E00EE05EF /* NSArray+DigitalOcean.m in Sources */ = {isa = PBXBuildFile; fileRef = 162322801791F91E00EE05EF /* NSArray+DigitalOcean.m */; };
		162322821791F91E00EE05EF /* NSArray+DigitalOcean.m in Sources */ = {isa = PBXBuildFile; fileRef = 162322801791F91E00EE05EF /* NSArray+DigitalOcean.m */; };
		162322861791FD8500EE05EF /* DOObject.m in Sources */ = {isa = PBXBuildFile; fileRef = 162322851791FD8500EE05EF /* DOObject.m */; };
		162322871791FD8500EE05EF /* DOObject.m in Sources */ = {isa = PBXBuildFile; fileRef = 162322851791FD8500EE05EF /* DOObject.m */; };
		1623228A17920F2600EE05EF /* UIColor+DigitalOcean.m in Sources */ = {isa = PBXBuildFile; fileRef = 1623228917920F2600EE05EF /* UIColor+DigitalOcean.m */; };
		1623228B17920F2600EE05EF /* UIColor+DigitalOcean.m in Sources */ = {isa = PBXBuildFile; fileRef = 1623228917920F2600EE05EF /* UIColor+DigitalOcean.m */; };
		162322901792124900EE05EF /* MainViewController.m in Sources */ = {isa = PBXBuildFile; fileRef = 1623228E1792124900EE05EF /* MainViewController.m */; };
		162322911792124900EE05EF /* MainViewController.m in Sources */ = {isa = PBXBuildFile; fileRef = 1623228E1792124900EE05EF /* MainViewController.m */; };
		162322921792124900EE05EF /* MainViewController.xib in Resources */ = {isa = PBXBuildFile; fileRef = 1623228F1792124900EE05EF /* MainViewController.xib */; };
		162322931792124900EE05EF /* MainViewController.xib in Resources */ = {isa = PBXBuildFile; fileRef = 1623228F1792124900EE05EF /* MainViewController.xib */; };
		162423841791128E00B77711 /* Foundation.framework in Frameworks */ = {isa = PBXBuildFile; fileRef = 162423831791128E00B77711 /* Foundation.framework */; };
		162423861791128E00B77711 /* CoreGraphics.framework in Frameworks */ = {isa = PBXBuildFile; fileRef = 162423851791128E00B77711 /* CoreGraphics.framework */; };
		162423881791128E00B77711 /* UIKit.framework in Frameworks */ = {isa = PBXBuildFile; fileRef = 162423871791128E00B77711 /* UIKit.framework */; };
		1624238E1791128E00B77711 /* InfoPlist.strings in Resources */ = {isa = PBXBuildFile; fileRef = 1624238C1791128E00B77711 /* InfoPlist.strings */; };
		162423901791128E00B77711 /* main.m in Sources */ = {isa = PBXBuildFile; fileRef = 1624238F1791128E00B77711 /* main.m */; };
		162423941791128E00B77711 /* AppDelegate.m in Sources */ = {isa = PBXBuildFile; fileRef = 162423931791128E00B77711 /* AppDelegate.m */; };
		162423961791128E00B77711 /* Images.xcassets in Resources */ = {isa = PBXBuildFile; fileRef = 162423951791128E00B77711 /* Images.xcassets */; };
		1624239D1791128E00B77711 /* XCTest.framework in Frameworks */ = {isa = PBXBuildFile; fileRef = 1624239C1791128E00B77711 /* XCTest.framework */; };
		1624239E1791128E00B77711 /* Foundation.framework in Frameworks */ = {isa = PBXBuildFile; fileRef = 162423831791128E00B77711 /* Foundation.framework */; };
		1624239F1791128E00B77711 /* UIKit.framework in Frameworks */ = {isa = PBXBuildFile; fileRef = 162423871791128E00B77711 /* UIKit.framework */; };
		162423A71791128E00B77711 /* InfoPlist.strings in Resources */ = {isa = PBXBuildFile; fileRef = 162423A51791128E00B77711 /* InfoPlist.strings */; };
		162423A91791128E00B77711 /* DigitalOceanTests.m in Sources */ = {isa = PBXBuildFile; fileRef = 162423A81791128E00B77711 /* DigitalOceanTests.m */; };
		162423B5179114A400B77711 /* DigitalOceanAPIClient.m in Sources */ = {isa = PBXBuildFile; fileRef = 162423B4179114A400B77711 /* DigitalOceanAPIClient.m */; };
		162423B6179114A400B77711 /* DigitalOceanAPIClient.m in Sources */ = {isa = PBXBuildFile; fileRef = 162423B4179114A400B77711 /* DigitalOceanAPIClient.m */; };
		162423BC1791172D00B77711 /* DODroplet.m in Sources */ = {isa = PBXBuildFile; fileRef = 162423BB1791172D00B77711 /* DODroplet.m */; };
		162423BD1791172D00B77711 /* DODroplet.m in Sources */ = {isa = PBXBuildFile; fileRef = 162423BB1791172D00B77711 /* DODroplet.m */; };
		162423C01791178D00B77711 /* DORegion.m in Sources */ = {isa = PBXBuildFile; fileRef = 162423BF1791178D00B77711 /* DORegion.m */; };
		162423C11791178D00B77711 /* DORegion.m in Sources */ = {isa = PBXBuildFile; fileRef = 162423BF1791178D00B77711 /* DORegion.m */; };
		162423C4179117C100B77711 /* DOImage.m in Sources */ = {isa = PBXBuildFile; fileRef = 162423C3179117C100B77711 /* DOImage.m */; };
		162423C5179117C100B77711 /* DOImage.m in Sources */ = {isa = PBXBuildFile; fileRef = 162423C3179117C100B77711 /* DOImage.m */; };
		163EEA3F17DE977700D217C0 /* SettingsViewController.m in Sources */ = {isa = PBXBuildFile; fileRef = 163EEA3D17DE977700D217C0 /* SettingsViewController.m */; };
		163EEA4017DE977700D217C0 /* SettingsViewController.xib in Resources */ = {isa = PBXBuildFile; fileRef = 163EEA3E17DE977700D217C0 /* SettingsViewController.xib */; };
		163EEA4317DEA88A00D217C0 /* DoubleInputView.m in Sources */ = {isa = PBXBuildFile; fileRef = 163EEA4217DEA88A00D217C0 /* DoubleInputView.m */; };
		1656835417E7EA980096D795 /* DropletAddViewController.m in Sources */ = {isa = PBXBuildFile; fileRef = 1656835217E7EA980096D795 /* DropletAddViewController.m */; };
		1656835517E7EA980096D795 /* DropletAddViewController.xib in Resources */ = {isa = PBXBuildFile; fileRef = 1656835317E7EA980096D795 /* DropletAddViewController.xib */; };
		165ACB5917D429040004B5D5 /* ARActivityView.m in Sources */ = {isa = PBXBuildFile; fileRef = 165ACB5817D429040004B5D5 /* ARActivityView.m */; };
		1667322017D3AFDE00B125D7 /* ARError.m in Sources */ = {isa = PBXBuildFile; fileRef = 1667321A17D3AFDE00B125D7 /* ARError.m */; };
		1667322117D3AFDE00B125D7 /* ARErrorDomain.m in Sources */ = {isa = PBXBuildFile; fileRef = 1667321C17D3AFDE00B125D7 /* ARErrorDomain.m */; };
		1667322217D3AFDE00B125D7 /* ARModelObject.m in Sources */ = {isa = PBXBuildFile; fileRef = 1667321E17D3AFDE00B125D7 /* ARModelObject.m */; };
		1667322717D3D2F900B125D7 /* DropletViewController.m in Sources */ = {isa = PBXBuildFile; fileRef = 1667322517D3D2F900B125D7 /* DropletViewController.m */; };
		1667322817D3D2F900B125D7 /* DropletViewController.xib in Resources */ = {isa = PBXBuildFile; fileRef = 1667322617D3D2F900B125D7 /* DropletViewController.xib */; };
		1667322B17D3D89F00B125D7 /* DODropletAction.m in Sources */ = {isa = PBXBuildFile; fileRef = 1667322A17D3D89F00B125D7 /* DODropletAction.m */; };
		169447B317E809EA00DECA84 /* DropletSizeViewController.m in Sources */ = {isa = PBXBuildFile; fileRef = 169447B117E809EA00DECA84 /* DropletSizeViewController.m */; };
		169447B417E809EA00DECA84 /* DropletSizeViewController.xib in Resources */ = {isa = PBXBuildFile; fileRef = 169447B217E809EA00DECA84 /* DropletSizeViewController.xib */; };
		169447B817E80A0F00DECA84 /* DropletRegionViewController.m in Sources */ = {isa = PBXBuildFile; fileRef = 169447B617E80A0F00DECA84 /* DropletRegionViewController.m */; };
		169447B917E80A0F00DECA84 /* DropletRegionViewController.xib in Resources */ = {isa = PBXBuildFile; fileRef = 169447B717E80A0F00DECA84 /* DropletRegionViewController.xib */; };
		169447BD17E80A2500DECA84 /* DropletImageViewController.m in Sources */ = {isa = PBXBuildFile; fileRef = 169447BB17E80A2500DECA84 /* DropletImageViewController.m */; };
		169447BE17E80A2500DECA84 /* DropletImageViewController.xib in Resources */ = {isa = PBXBuildFile; fileRef = 169447BC17E80A2500DECA84 /* DropletImageViewController.xib */; };
		169447C217E80A4000DECA84 /* DropletOptionalViewController.m in Sources */ = {isa = PBXBuildFile; fileRef = 169447C017E80A4000DECA84 /* DropletOptionalViewController.m */; };
		169447C317E80A4000DECA84 /* DropletOptionalViewController.xib in Resources */ = {isa = PBXBuildFile; fileRef = 169447C117E80A4000DECA84 /* DropletOptionalViewController.xib */; };
		16B91C1717ED187100A3DE87 /* DomainsViewController.m in Sources */ = {isa = PBXBuildFile; fileRef = 16B91C1517ED187100A3DE87 /* DomainsViewController.m */; };
		16B91C1817ED187100A3DE87 /* DomainsViewController.xib in Resources */ = {isa = PBXBuildFile; fileRef = 16B91C1617ED187100A3DE87 /* DomainsViewController.xib */; };
		16B91C1C17ED194100A3DE87 /* KeysViewController.m in Sources */ = {isa = PBXBuildFile; fileRef = 16B91C1A17ED194100A3DE87 /* KeysViewController.m */; };
		16B91C1D17ED194100A3DE87 /* KeysViewController.xib in Resources */ = {isa = PBXBuildFile; fileRef = 16B91C1B17ED194100A3DE87 /* KeysViewController.xib */; };
		16B91C2117ED195500A3DE87 /* ImagesViewController.m in Sources */ = {isa = PBXBuildFile; fileRef = 16B91C1F17ED195500A3DE87 /* ImagesViewController.m */; };
		16B91C2217ED195500A3DE87 /* ImagesViewController.xib in Resources */ = {isa = PBXBuildFile; fileRef = 16B91C2017ED195500A3DE87 /* ImagesViewController.xib */; };
		16C5C85E17DAC1A300F22F37 /* ARColorButton.m in Sources */ = {isa = PBXBuildFile; fileRef = 16C5C85D17DAC1A300F22F37 /* ARColorButton.m */; };
		16C5C86417DCD3FB00F22F37 /* UIImage+Tint.m in Sources */ = {isa = PBXBuildFile; fileRef = 16C5C86317DCD3FB00F22F37 /* UIImage+Tint.m */; };
		16C5C86717DCD70700F22F37 /* UIButton+Color.m in Sources */ = {isa = PBXBuildFile; fileRef = 16C5C86617DCD70700F22F37 /* UIButton+Color.m */; };
		16C5C86A17DCE0C600F22F37 /* DropletActionView.m in Sources */ = {isa = PBXBuildFile; fileRef = 16C5C86917DCE0C600F22F37 /* DropletActionView.m */; };
		16C5C87117DD068500F22F37 /* SnapshotsViewController.m in Sources */ = {isa = PBXBuildFile; fileRef = 16C5C86F17DD068500F22F37 /* SnapshotsViewController.m */; };
		16C5C87217DD068500F22F37 /* SnapshotsViewController.xib in Resources */ = {isa = PBXBuildFile; fileRef = 16C5C87017DD068500F22F37 /* SnapshotsViewController.xib */; };
		16C5C87517DD0D9000F22F37 /* DOBackup.m in Sources */ = {isa = PBXBuildFile; fileRef = 16C5C87417DD0D9000F22F37 /* DOBackup.m */; };
		16C5C87817DD0DB900F22F37 /* DOSnapshot.m in Sources */ = {isa = PBXBuildFile; fileRef = 16C5C87717DD0DB900F22F37 /* DOSnapshot.m */; };
		16DF7CCD1793A49900993D35 /* DropletViewCell.m in Sources */ = {isa = PBXBuildFile; fileRef = 16DF7CCC1793A49900993D35 /* DropletViewCell.m */; };
		16DF7CCE1793A49900993D35 /* DropletViewCell.m in Sources */ = {isa = PBXBuildFile; fileRef = 16DF7CCC1793A49900993D35 /* DropletViewCell.m */; };
		16E5A60517DAA02700A6DCBC /* UILabel+DigitalOcean.m in Sources */ = {isa = PBXBuildFile; fileRef = 16E5A60417DAA02700A6DCBC /* UILabel+DigitalOcean.m */; };
		16EB74CC17D95E1200A80D81 /* LoginViewController.m in Sources */ = {isa = PBXBuildFile; fileRef = 16EB74CA17D95E1200A80D81 /* LoginViewController.m */; };
		16EB74CD17D95E1200A80D81 /* LoginViewController.xib in Resources */ = {isa = PBXBuildFile; fileRef = 16EB74CB17D95E1200A80D81 /* LoginViewController.xib */; };
		C0A0F1E60B4B43B8B0B86811 /* libPods.a in Frameworks */ = {isa = PBXBuildFile; fileRef = F4C753B515C54A2F828FBCC3 /* libPods.a */; };
/* End PBXBuildFile section */

/* Begin PBXContainerItemProxy section */
		162423A01791128E00B77711 /* PBXContainerItemProxy */ = {
			isa = PBXContainerItemProxy;
			containerPortal = 162423781791128E00B77711 /* Project object */;
			proxyType = 1;
			remoteGlobalIDString = 1624237F1791128E00B77711;
			remoteInfo = DigitalOcean;
		};
/* End PBXContainerItemProxy section */

/* Begin PBXFileReference section */
		16014A5A17DFF00600A71FF5 /* CredentialsViewController.xib */ = {isa = PBXFileReference; fileEncoding = 4; lastKnownFileType = file.xib; path = CredentialsViewController.xib; sourceTree = "<group>"; };
		162322761791DCD700EE05EF /* DOSize.h */ = {isa = PBXFileReference; fileEncoding = 4; lastKnownFileType = sourcecode.c.h; path = DOSize.h; sourceTree = "<group>"; };
		162322771791DCD700EE05EF /* DOSize.m */ = {isa = PBXFileReference; fileEncoding = 4; lastKnownFileType = sourcecode.c.objc; path = DOSize.m; sourceTree = "<group>"; };
		1623227A1791E9A900EE05EF /* DigitalOcean.h */ = {isa = PBXFileReference; fileEncoding = 4; lastKnownFileType = sourcecode.c.h; path = DigitalOcean.h; sourceTree = "<group>"; };
		1623227B1791F2D300EE05EF /* DOData.h */ = {isa = PBXFileReference; fileEncoding = 4; lastKnownFileType = sourcecode.c.h; path = DOData.h; sourceTree = "<group>"; };
		1623227C1791F2D300EE05EF /* DOData.m */ = {isa = PBXFileReference; fileEncoding = 4; lastKnownFileType = sourcecode.c.objc; path = DOData.m; sourceTree = "<group>"; };
		1623227F1791F91E00EE05EF /* NSArray+DigitalOcean.h */ = {isa = PBXFileReference; fileEncoding = 4; lastKnownFileType = sourcecode.c.h; path = "NSArray+DigitalOcean.h"; sourceTree = "<group>"; };
		162322801791F91E00EE05EF /* NSArray+DigitalOcean.m */ = {isa = PBXFileReference; fileEncoding = 4; lastKnownFileType = sourcecode.c.objc; path = "NSArray+DigitalOcean.m"; sourceTree = "<group>"; };
		162322841791FD8500EE05EF /* DOObject.h */ = {isa = PBXFileReference; fileEncoding = 4; lastKnownFileType = sourcecode.c.h; path = DOObject.h; sourceTree = "<group>"; };
		162322851791FD8500EE05EF /* DOObject.m */ = {isa = PBXFileReference; fileEncoding = 4; lastKnownFileType = sourcecode.c.objc; path = DOObject.m; sourceTree = "<group>"; };
		1623228817920F2600EE05EF /* UIColor+DigitalOcean.h */ = {isa = PBXFileReference; fileEncoding = 4; lastKnownFileType = sourcecode.c.h; path = "UIColor+DigitalOcean.h"; sourceTree = "<group>"; };
		1623228917920F2600EE05EF /* UIColor+DigitalOcean.m */ = {isa = PBXFileReference; fileEncoding = 4; lastKnownFileType = sourcecode.c.objc; path = "UIColor+DigitalOcean.m"; sourceTree = "<group>"; };
		1623228D1792124900EE05EF /* MainViewController.h */ = {isa = PBXFileReference; fileEncoding = 4; lastKnownFileType = sourcecode.c.h; path = MainViewController.h; sourceTree = "<group>"; };
		1623228E1792124900EE05EF /* MainViewController.m */ = {isa = PBXFileReference; fileEncoding = 4; lastKnownFileType = sourcecode.c.objc; path = MainViewController.m; sourceTree = "<group>"; };
		1623228F1792124900EE05EF /* MainViewController.xib */ = {isa = PBXFileReference; fileEncoding = 4; lastKnownFileType = file.xib; path = MainViewController.xib; sourceTree = "<group>"; };
		162423801791128E00B77711 /* Maritimo.app */ = {isa = PBXFileReference; explicitFileType = wrapper.application; includeInIndex = 0; path = Maritimo.app; sourceTree = BUILT_PRODUCTS_DIR; };
		162423831791128E00B77711 /* Foundation.framework */ = {isa = PBXFileReference; lastKnownFileType = wrapper.framework; name = Foundation.framework; path = System/Library/Frameworks/Foundation.framework; sourceTree = SDKROOT; };
		162423851791128E00B77711 /* CoreGraphics.framework */ = {isa = PBXFileReference; lastKnownFileType = wrapper.framework; name = CoreGraphics.framework; path = System/Library/Frameworks/CoreGraphics.framework; sourceTree = SDKROOT; };
		162423871791128E00B77711 /* UIKit.framework */ = {isa = PBXFileReference; lastKnownFileType = wrapper.framework; name = UIKit.framework; path = System/Library/Frameworks/UIKit.framework; sourceTree = SDKROOT; };
		1624238B1791128E00B77711 /* DigitalOcean-Info.plist */ = {isa = PBXFileReference; lastKnownFileType = text.plist.xml; path = "DigitalOcean-Info.plist"; sourceTree = "<group>"; };
		1624238D1791128E00B77711 /* en */ = {isa = PBXFileReference; lastKnownFileType = text.plist.strings; name = en; path = en.lproj/InfoPlist.strings; sourceTree = "<group>"; };
		1624238F1791128E00B77711 /* main.m */ = {isa = PBXFileReference; lastKnownFileType = sourcecode.c.objc; path = main.m; sourceTree = "<group>"; };
		162423911791128E00B77711 /* DigitalOcean-Prefix.pch */ = {isa = PBXFileReference; lastKnownFileType = sourcecode.c.h; path = "DigitalOcean-Prefix.pch"; sourceTree = "<group>"; };
		162423921791128E00B77711 /* AppDelegate.h */ = {isa = PBXFileReference; lastKnownFileType = sourcecode.c.h; path = AppDelegate.h; sourceTree = "<group>"; };
		162423931791128E00B77711 /* AppDelegate.m */ = {isa = PBXFileReference; lastKnownFileType = sourcecode.c.objc; path = AppDelegate.m; sourceTree = "<group>"; };
		162423951791128E00B77711 /* Images.xcassets */ = {isa = PBXFileReference; lastKnownFileType = folder.assetcatalog; path = Images.xcassets; sourceTree = "<group>"; };
		1624239B1791128E00B77711 /* DigitalOceanTests.xctest */ = {isa = PBXFileReference; explicitFileType = wrapper.cfbundle; includeInIndex = 0; path = DigitalOceanTests.xctest; sourceTree = BUILT_PRODUCTS_DIR; };
		1624239C1791128E00B77711 /* XCTest.framework */ = {isa = PBXFileReference; lastKnownFileType = wrapper.framework; name = XCTest.framework; path = Library/Frameworks/XCTest.framework; sourceTree = DEVELOPER_DIR; };
		162423A41791128E00B77711 /* DigitalOceanTests-Info.plist */ = {isa = PBXFileReference; lastKnownFileType = text.plist.xml; path = "DigitalOceanTests-Info.plist"; sourceTree = "<group>"; };
		162423A61791128E00B77711 /* en */ = {isa = PBXFileReference; lastKnownFileType = text.plist.strings; name = en; path = en.lproj/InfoPlist.strings; sourceTree = "<group>"; };
		162423A81791128E00B77711 /* DigitalOceanTests.m */ = {isa = PBXFileReference; lastKnownFileType = sourcecode.c.objc; path = DigitalOceanTests.m; sourceTree = "<group>"; };
		162423B3179114A400B77711 /* DigitalOceanAPIClient.h */ = {isa = PBXFileReference; fileEncoding = 4; lastKnownFileType = sourcecode.c.h; path = DigitalOceanAPIClient.h; sourceTree = "<group>"; };
		162423B4179114A400B77711 /* DigitalOceanAPIClient.m */ = {isa = PBXFileReference; fileEncoding = 4; lastKnownFileType = sourcecode.c.objc; path = DigitalOceanAPIClient.m; sourceTree = "<group>"; };
		162423B81791156B00B77711 /* Constants.h */ = {isa = PBXFileReference; fileEncoding = 4; lastKnownFileType = sourcecode.c.h; path = Constants.h; sourceTree = "<group>"; };
		162423BA1791172D00B77711 /* DODroplet.h */ = {isa = PBXFileReference; fileEncoding = 4; lastKnownFileType = sourcecode.c.h; path = DODroplet.h; sourceTree = "<group>"; };
		162423BB1791172D00B77711 /* DODroplet.m */ = {isa = PBXFileReference; fileEncoding = 4; lastKnownFileType = sourcecode.c.objc; path = DODroplet.m; sourceTree = "<group>"; };
		162423BE1791178D00B77711 /* DORegion.h */ = {isa = PBXFileReference; fileEncoding = 4; lastKnownFileType = sourcecode.c.h; path = DORegion.h; sourceTree = "<group>"; };
		162423BF1791178D00B77711 /* DORegion.m */ = {isa = PBXFileReference; fileEncoding = 4; lastKnownFileType = sourcecode.c.objc; path = DORegion.m; sourceTree = "<group>"; };
		162423C2179117C100B77711 /* DOImage.h */ = {isa = PBXFileReference; fileEncoding = 4; lastKnownFileType = sourcecode.c.h; path = DOImage.h; sourceTree = "<group>"; };
		162423C3179117C100B77711 /* DOImage.m */ = {isa = PBXFileReference; fileEncoding = 4; lastKnownFileType = sourcecode.c.objc; path = DOImage.m; sourceTree = "<group>"; };
		163EEA3C17DE977700D217C0 /* SettingsViewController.h */ = {isa = PBXFileReference; fileEncoding = 4; lastKnownFileType = sourcecode.c.h; path = SettingsViewController.h; sourceTree = "<group>"; };
		163EEA3D17DE977700D217C0 /* SettingsViewController.m */ = {isa = PBXFileReference; fileEncoding = 4; lastKnownFileType = sourcecode.c.objc; path = SettingsViewController.m; sourceTree = "<group>"; };
		163EEA3E17DE977700D217C0 /* SettingsViewController.xib */ = {isa = PBXFileReference; fileEncoding = 4; lastKnownFileType = file.xib; path = SettingsViewController.xib; sourceTree = "<group>"; };
		163EEA4117DEA88A00D217C0 /* DoubleInputView.h */ = {isa = PBXFileReference; fileEncoding = 4; lastKnownFileType = sourcecode.c.h; path = DoubleInputView.h; sourceTree = "<group>"; };
		163EEA4217DEA88A00D217C0 /* DoubleInputView.m */ = {isa = PBXFileReference; fileEncoding = 4; lastKnownFileType = sourcecode.c.objc; path = DoubleInputView.m; sourceTree = "<group>"; };
		1656835117E7EA980096D795 /* DropletAddViewController.h */ = {isa = PBXFileReference; fileEncoding = 4; lastKnownFileType = sourcecode.c.h; path = DropletAddViewController.h; sourceTree = "<group>"; };
		1656835217E7EA980096D795 /* DropletAddViewController.m */ = {isa = PBXFileReference; fileEncoding = 4; lastKnownFileType = sourcecode.c.objc; path = DropletAddViewController.m; sourceTree = "<group>"; };
		1656835317E7EA980096D795 /* DropletAddViewController.xib */ = {isa = PBXFileReference; fileEncoding = 4; lastKnownFileType = file.xib; path = DropletAddViewController.xib; sourceTree = "<group>"; };
		165ACB5717D429040004B5D5 /* ARActivityView.h */ = {isa = PBXFileReference; fileEncoding = 4; lastKnownFileType = sourcecode.c.h; path = ARActivityView.h; sourceTree = "<group>"; };
		165ACB5817D429040004B5D5 /* ARActivityView.m */ = {isa = PBXFileReference; fileEncoding = 4; lastKnownFileType = sourcecode.c.objc; path = ARActivityView.m; sourceTree = "<group>"; };
		1667321917D3AFDE00B125D7 /* ARError.h */ = {isa = PBXFileReference; fileEncoding = 4; lastKnownFileType = sourcecode.c.h; path = ARError.h; sourceTree = "<group>"; };
		1667321A17D3AFDE00B125D7 /* ARError.m */ = {isa = PBXFileReference; fileEncoding = 4; lastKnownFileType = sourcecode.c.objc; path = ARError.m; sourceTree = "<group>"; };
		1667321B17D3AFDE00B125D7 /* ARErrorDomain.h */ = {isa = PBXFileReference; fileEncoding = 4; lastKnownFileType = sourcecode.c.h; path = ARErrorDomain.h; sourceTree = "<group>"; };
		1667321C17D3AFDE00B125D7 /* ARErrorDomain.m */ = {isa = PBXFileReference; fileEncoding = 4; lastKnownFileType = sourcecode.c.objc; path = ARErrorDomain.m; sourceTree = "<group>"; };
		1667321D17D3AFDE00B125D7 /* ARModelObject.h */ = {isa = PBXFileReference; fileEncoding = 4; lastKnownFileType = sourcecode.c.h; path = ARModelObject.h; sourceTree = "<group>"; };
		1667321E17D3AFDE00B125D7 /* ARModelObject.m */ = {isa = PBXFileReference; fileEncoding = 4; lastKnownFileType = sourcecode.c.objc; path = ARModelObject.m; sourceTree = "<group>"; };
		1667322417D3D2F900B125D7 /* DropletViewController.h */ = {isa = PBXFileReference; fileEncoding = 4; lastKnownFileType = sourcecode.c.h; path = DropletViewController.h; sourceTree = "<group>"; };
		1667322517D3D2F900B125D7 /* DropletViewController.m */ = {isa = PBXFileReference; fileEncoding = 4; lastKnownFileType = sourcecode.c.objc; path = DropletViewController.m; sourceTree = "<group>"; };
		1667322617D3D2F900B125D7 /* DropletViewController.xib */ = {isa = PBXFileReference; fileEncoding = 4; lastKnownFileType = file.xib; path = DropletViewController.xib; sourceTree = "<group>"; };
		1667322917D3D89F00B125D7 /* DODropletAction.h */ = {isa = PBXFileReference; fileEncoding = 4; lastKnownFileType = sourcecode.c.h; path = DODropletAction.h; sourceTree = "<group>"; };
		1667322A17D3D89F00B125D7 /* DODropletAction.m */ = {isa = PBXFileReference; fileEncoding = 4; lastKnownFileType = sourcecode.c.objc; path = DODropletAction.m; sourceTree = "<group>"; };
		169447B017E809EA00DECA84 /* DropletSizeViewController.h */ = {isa = PBXFileReference; fileEncoding = 4; lastKnownFileType = sourcecode.c.h; path = DropletSizeViewController.h; sourceTree = "<group>"; };
		169447B117E809EA00DECA84 /* DropletSizeViewController.m */ = {isa = PBXFileReference; fileEncoding = 4; lastKnownFileType = sourcecode.c.objc; path = DropletSizeViewController.m; sourceTree = "<group>"; };
		169447B217E809EA00DECA84 /* DropletSizeViewController.xib */ = {isa = PBXFileReference; fileEncoding = 4; lastKnownFileType = file.xib; path = DropletSizeViewController.xib; sourceTree = "<group>"; };
		169447B517E80A0F00DECA84 /* DropletRegionViewController.h */ = {isa = PBXFileReference; fileEncoding = 4; lastKnownFileType = sourcecode.c.h; path = DropletRegionViewController.h; sourceTree = "<group>"; };
		169447B617E80A0F00DECA84 /* DropletRegionViewController.m */ = {isa = PBXFileReference; fileEncoding = 4; lastKnownFileType = sourcecode.c.objc; path = DropletRegionViewController.m; sourceTree = "<group>"; };
		169447B717E80A0F00DECA84 /* DropletRegionViewController.xib */ = {isa = PBXFileReference; fileEncoding = 4; lastKnownFileType = file.xib; path = DropletRegionViewController.xib; sourceTree = "<group>"; };
		169447BA17E80A2500DECA84 /* DropletImageViewController.h */ = {isa = PBXFileReference; fileEncoding = 4; lastKnownFileType = sourcecode.c.h; path = DropletImageViewController.h; sourceTree = "<group>"; };
		169447BB17E80A2500DECA84 /* DropletImageViewController.m */ = {isa = PBXFileReference; fileEncoding = 4; lastKnownFileType = sourcecode.c.objc; path = DropletImageViewController.m; sourceTree = "<group>"; };
		169447BC17E80A2500DECA84 /* DropletImageViewController.xib */ = {isa = PBXFileReference; fileEncoding = 4; lastKnownFileType = file.xib; path = DropletImageViewController.xib; sourceTree = "<group>"; };
		169447BF17E80A4000DECA84 /* DropletOptionalViewController.h */ = {isa = PBXFileReference; fileEncoding = 4; lastKnownFileType = sourcecode.c.h; path = DropletOptionalViewController.h; sourceTree = "<group>"; };
		169447C017E80A4000DECA84 /* DropletOptionalViewController.m */ = {isa = PBXFileReference; fileEncoding = 4; lastKnownFileType = sourcecode.c.objc; path = DropletOptionalViewController.m; sourceTree = "<group>"; };
		169447C117E80A4000DECA84 /* DropletOptionalViewController.xib */ = {isa = PBXFileReference; fileEncoding = 4; lastKnownFileType = file.xib; path = DropletOptionalViewController.xib; sourceTree = "<group>"; };
		16B91C1417ED187100A3DE87 /* DomainsViewController.h */ = {isa = PBXFileReference; fileEncoding = 4; lastKnownFileType = sourcecode.c.h; path = DomainsViewController.h; sourceTree = "<group>"; };
		16B91C1517ED187100A3DE87 /* DomainsViewController.m */ = {isa = PBXFileReference; fileEncoding = 4; lastKnownFileType = sourcecode.c.objc; path = DomainsViewController.m; sourceTree = "<group>"; };
		16B91C1617ED187100A3DE87 /* DomainsViewController.xib */ = {isa = PBXFileReference; fileEncoding = 4; lastKnownFileType = file.xib; path = DomainsViewController.xib; sourceTree = "<group>"; };
		16B91C1917ED194100A3DE87 /* KeysViewController.h */ = {isa = PBXFileReference; fileEncoding = 4; lastKnownFileType = sourcecode.c.h; path = KeysViewController.h; sourceTree = "<group>"; };
		16B91C1A17ED194100A3DE87 /* KeysViewController.m */ = {isa = PBXFileReference; fileEncoding = 4; lastKnownFileType = sourcecode.c.objc; path = KeysViewController.m; sourceTree = "<group>"; };
		16B91C1B17ED194100A3DE87 /* KeysViewController.xib */ = {isa = PBXFileReference; fileEncoding = 4; lastKnownFileType = file.xib; path = KeysViewController.xib; sourceTree = "<group>"; };
		16B91C1E17ED195500A3DE87 /* ImagesViewController.h */ = {isa = PBXFileReference; fileEncoding = 4; lastKnownFileType = sourcecode.c.h; path = ImagesViewController.h; sourceTree = "<group>"; };
		16B91C1F17ED195500A3DE87 /* ImagesViewController.m */ = {isa = PBXFileReference; fileEncoding = 4; lastKnownFileType = sourcecode.c.objc; path = ImagesViewController.m; sourceTree = "<group>"; };
		16B91C2017ED195500A3DE87 /* ImagesViewController.xib */ = {isa = PBXFileReference; fileEncoding = 4; lastKnownFileType = file.xib; path = ImagesViewController.xib; sourceTree = "<group>"; };
		16C5C85C17DAC1A300F22F37 /* ARColorButton.h */ = {isa = PBXFileReference; fileEncoding = 4; lastKnownFileType = sourcecode.c.h; path = ARColorButton.h; sourceTree = "<group>"; };
		16C5C85D17DAC1A300F22F37 /* ARColorButton.m */ = {isa = PBXFileReference; fileEncoding = 4; lastKnownFileType = sourcecode.c.objc; path = ARColorButton.m; sourceTree = "<group>"; };
		16C5C86217DCD3FB00F22F37 /* UIImage+Tint.h */ = {isa = PBXFileReference; fileEncoding = 4; lastKnownFileType = sourcecode.c.h; path = "UIImage+Tint.h"; sourceTree = "<group>"; };
		16C5C86317DCD3FB00F22F37 /* UIImage+Tint.m */ = {isa = PBXFileReference; fileEncoding = 4; lastKnownFileType = sourcecode.c.objc; path = "UIImage+Tint.m"; sourceTree = "<group>"; };
		16C5C86517DCD70700F22F37 /* UIButton+Color.h */ = {isa = PBXFileReference; fileEncoding = 4; lastKnownFileType = sourcecode.c.h; path = "UIButton+Color.h"; sourceTree = "<group>"; };
		16C5C86617DCD70700F22F37 /* UIButton+Color.m */ = {isa = PBXFileReference; fileEncoding = 4; lastKnownFileType = sourcecode.c.objc; path = "UIButton+Color.m"; sourceTree = "<group>"; };
		16C5C86817DCE0C600F22F37 /* DropletActionView.h */ = {isa = PBXFileReference; fileEncoding = 4; lastKnownFileType = sourcecode.c.h; path = DropletActionView.h; sourceTree = "<group>"; };
		16C5C86917DCE0C600F22F37 /* DropletActionView.m */ = {isa = PBXFileReference; fileEncoding = 4; lastKnownFileType = sourcecode.c.objc; path = DropletActionView.m; sourceTree = "<group>"; };
		16C5C86E17DD068500F22F37 /* SnapshotsViewController.h */ = {isa = PBXFileReference; fileEncoding = 4; lastKnownFileType = sourcecode.c.h; path = SnapshotsViewController.h; sourceTree = "<group>"; };
		16C5C86F17DD068500F22F37 /* SnapshotsViewController.m */ = {isa = PBXFileReference; fileEncoding = 4; lastKnownFileType = sourcecode.c.objc; path = SnapshotsViewController.m; sourceTree = "<group>"; };
		16C5C87017DD068500F22F37 /* SnapshotsViewController.xib */ = {isa = PBXFileReference; fileEncoding = 4; lastKnownFileType = file.xib; path = SnapshotsViewController.xib; sourceTree = "<group>"; };
		16C5C87317DD0D9000F22F37 /* DOBackup.h */ = {isa = PBXFileReference; fileEncoding = 4; lastKnownFileType = sourcecode.c.h; path = DOBackup.h; sourceTree = "<group>"; };
		16C5C87417DD0D9000F22F37 /* DOBackup.m */ = {isa = PBXFileReference; fileEncoding = 4; lastKnownFileType = sourcecode.c.objc; path = DOBackup.m; sourceTree = "<group>"; };
		16C5C87617DD0DB900F22F37 /* DOSnapshot.h */ = {isa = PBXFileReference; fileEncoding = 4; lastKnownFileType = sourcecode.c.h; path = DOSnapshot.h; sourceTree = "<group>"; };
		16C5C87717DD0DB900F22F37 /* DOSnapshot.m */ = {isa = PBXFileReference; fileEncoding = 4; lastKnownFileType = sourcecode.c.objc; path = DOSnapshot.m; sourceTree = "<group>"; };
		16DF7CCB1793A49900993D35 /* DropletViewCell.h */ = {isa = PBXFileReference; fileEncoding = 4; lastKnownFileType = sourcecode.c.h; path = DropletViewCell.h; sourceTree = "<group>"; };
		16DF7CCC1793A49900993D35 /* DropletViewCell.m */ = {isa = PBXFileReference; fileEncoding = 4; lastKnownFileType = sourcecode.c.objc; path = DropletViewCell.m; sourceTree = "<group>"; };
		16E5A60317DAA02700A6DCBC /* UILabel+DigitalOcean.h */ = {isa = PBXFileReference; fileEncoding = 4; lastKnownFileType = sourcecode.c.h; path = "UILabel+DigitalOcean.h"; sourceTree = "<group>"; };
		16E5A60417DAA02700A6DCBC /* UILabel+DigitalOcean.m */ = {isa = PBXFileReference; fileEncoding = 4; lastKnownFileType = sourcecode.c.objc; path = "UILabel+DigitalOcean.m"; sourceTree = "<group>"; };
		16EB74C917D95E1200A80D81 /* LoginViewController.h */ = {isa = PBXFileReference; fileEncoding = 4; lastKnownFileType = sourcecode.c.h; path = LoginViewController.h; sourceTree = "<group>"; };
		16EB74CA17D95E1200A80D81 /* LoginViewController.m */ = {isa = PBXFileReference; fileEncoding = 4; lastKnownFileType = sourcecode.c.objc; path = LoginViewController.m; sourceTree = "<group>"; };
		16EB74CB17D95E1200A80D81 /* LoginViewController.xib */ = {isa = PBXFileReference; fileEncoding = 4; lastKnownFileType = file.xib; path = LoginViewController.xib; sourceTree = "<group>"; };
		65CCEFA2174943BEAA3F2E86 /* Pods.xcconfig */ = {isa = PBXFileReference; includeInIndex = 1; lastKnownFileType = text.xcconfig; name = Pods.xcconfig; path = Pods/Pods.xcconfig; sourceTree = SOURCE_ROOT; };
		F4C753B515C54A2F828FBCC3 /* libPods.a */ = {isa = PBXFileReference; explicitFileType = archive.ar; includeInIndex = 0; path = libPods.a; sourceTree = BUILT_PRODUCTS_DIR; };
/* End PBXFileReference section */

/* Begin PBXFrameworksBuildPhase section */
		1624237D1791128E00B77711 /* Frameworks */ = {
			isa = PBXFrameworksBuildPhase;
			buildActionMask = 2147483647;
			files = (
				162423861791128E00B77711 /* CoreGraphics.framework in Frameworks */,
				162423881791128E00B77711 /* UIKit.framework in Frameworks */,
				162423841791128E00B77711 /* Foundation.framework in Frameworks */,
				C0A0F1E60B4B43B8B0B86811 /* libPods.a in Frameworks */,
			);
			runOnlyForDeploymentPostprocessing = 0;
		};
		162423981791128E00B77711 /* Frameworks */ = {
			isa = PBXFrameworksBuildPhase;
			buildActionMask = 2147483647;
			files = (
				1624239D1791128E00B77711 /* XCTest.framework in Frameworks */,
				1624239F1791128E00B77711 /* UIKit.framework in Frameworks */,
				1624239E1791128E00B77711 /* Foundation.framework in Frameworks */,
			);
			runOnlyForDeploymentPostprocessing = 0;
		};
/* End PBXFrameworksBuildPhase section */

/* Begin PBXGroup section */
		162322831791F92800EE05EF /* Helpers */ = {
			isa = PBXGroup;
			children = (
				16C5C86217DCD3FB00F22F37 /* UIImage+Tint.h */,
				16C5C86317DCD3FB00F22F37 /* UIImage+Tint.m */,
				165ACB5717D429040004B5D5 /* ARActivityView.h */,
				165ACB5817D429040004B5D5 /* ARActivityView.m */,
				1623227F1791F91E00EE05EF /* NSArray+DigitalOcean.h */,
				162322801791F91E00EE05EF /* NSArray+DigitalOcean.m */,
				1623228817920F2600EE05EF /* UIColor+DigitalOcean.h */,
				1623228917920F2600EE05EF /* UIColor+DigitalOcean.m */,
				16E5A60317DAA02700A6DCBC /* UILabel+DigitalOcean.h */,
				16E5A60417DAA02700A6DCBC /* UILabel+DigitalOcean.m */,
				16C5C86517DCD70700F22F37 /* UIButton+Color.h */,
				16C5C86617DCD70700F22F37 /* UIButton+Color.m */,
			);
			name = Helpers;
			sourceTree = "<group>";
		};
		1623228C1792118600EE05EF /* Controller */ = {
			isa = PBXGroup;
			children = (
				1623228D1792124900EE05EF /* MainViewController.h */,
				1623228E1792124900EE05EF /* MainViewController.m */,
				1667322417D3D2F900B125D7 /* DropletViewController.h */,
				1667322517D3D2F900B125D7 /* DropletViewController.m */,
				16C5C86E17DD068500F22F37 /* SnapshotsViewController.h */,
				16C5C86F17DD068500F22F37 /* SnapshotsViewController.m */,
				163EEA3C17DE977700D217C0 /* SettingsViewController.h */,
				163EEA3D17DE977700D217C0 /* SettingsViewController.m */,
				16EB74C917D95E1200A80D81 /* LoginViewController.h */,
				16EB74CA17D95E1200A80D81 /* LoginViewController.m */,
				1656835117E7EA980096D795 /* DropletAddViewController.h */,
				1656835217E7EA980096D795 /* DropletAddViewController.m */,
				169447B017E809EA00DECA84 /* DropletSizeViewController.h */,
				169447B117E809EA00DECA84 /* DropletSizeViewController.m */,
				169447B517E80A0F00DECA84 /* DropletRegionViewController.h */,
				169447B617E80A0F00DECA84 /* DropletRegionViewController.m */,
				169447BA17E80A2500DECA84 /* DropletImageViewController.h */,
				169447BB17E80A2500DECA84 /* DropletImageViewController.m */,
				169447BF17E80A4000DECA84 /* DropletOptionalViewController.h */,
				169447C017E80A4000DECA84 /* DropletOptionalViewController.m */,
				16B91C1417ED187100A3DE87 /* DomainsViewController.h */,
				16B91C1517ED187100A3DE87 /* DomainsViewController.m */,
				16B91C1917ED194100A3DE87 /* KeysViewController.h */,
				16B91C1A17ED194100A3DE87 /* KeysViewController.m */,
				16B91C1E17ED195500A3DE87 /* ImagesViewController.h */,
				16B91C1F17ED195500A3DE87 /* ImagesViewController.m */,
			);
			name = Controller;
			sourceTree = "<group>";
		};
		162322941792127800EE05EF /* Interface */ = {
			isa = PBXGroup;
			children = (
				1667322617D3D2F900B125D7 /* DropletViewController.xib */,
				1623228F1792124900EE05EF /* MainViewController.xib */,
				16C5C87017DD068500F22F37 /* SnapshotsViewController.xib */,
				163EEA3E17DE977700D217C0 /* SettingsViewController.xib */,
				16EB74CB17D95E1200A80D81 /* LoginViewController.xib */,
				16014A5A17DFF00600A71FF5 /* CredentialsViewController.xib */,
				1656835317E7EA980096D795 /* DropletAddViewController.xib */,
				169447B217E809EA00DECA84 /* DropletSizeViewController.xib */,
				169447B717E80A0F00DECA84 /* DropletRegionViewController.xib */,
				169447BC17E80A2500DECA84 /* DropletImageViewController.xib */,
				169447C117E80A4000DECA84 /* DropletOptionalViewController.xib */,
				16B91C1617ED187100A3DE87 /* DomainsViewController.xib */,
				16B91C1B17ED194100A3DE87 /* KeysViewController.xib */,
				16B91C2017ED195500A3DE87 /* ImagesViewController.xib */,
			);
			name = Interface;
			sourceTree = "<group>";
		};
		162423771791128E00B77711 = {
			isa = PBXGroup;
			children = (
				162423891791128E00B77711 /* DigitalOcean */,
				162423A21791128E00B77711 /* DigitalOceanTests */,
				162423821791128E00B77711 /* Frameworks */,
				162423811791128E00B77711 /* Products */,
				65CCEFA2174943BEAA3F2E86 /* Pods.xcconfig */,
			);
			sourceTree = "<group>";
		};
		162423811791128E00B77711 /* Products */ = {
			isa = PBXGroup;
			children = (
				162423801791128E00B77711 /* Maritimo.app */,
				1624239B1791128E00B77711 /* DigitalOceanTests.xctest */,
			);
			name = Products;
			sourceTree = "<group>";
		};
		162423821791128E00B77711 /* Frameworks */ = {
			isa = PBXGroup;
			children = (
				162423831791128E00B77711 /* Foundation.framework */,
				162423851791128E00B77711 /* CoreGraphics.framework */,
				162423871791128E00B77711 /* UIKit.framework */,
				1624239C1791128E00B77711 /* XCTest.framework */,
				F4C753B515C54A2F828FBCC3 /* libPods.a */,
			);
			name = Frameworks;
			sourceTree = "<group>";
		};
		162423891791128E00B77711 /* DigitalOcean */ = {
			isa = PBXGroup;
			children = (
				162423B71791154E00B77711 /* Constants */,
				162423B21791141900B77711 /* Singletons */,
				162423B9179116C300B77711 /* Model + Data */,
				1623228C1792118600EE05EF /* Controller */,
				162322941792127800EE05EF /* Interface */,
				16DF7CC61793A39B00993D35 /* Views */,
				162322831791F92800EE05EF /* Helpers */,
				1667322317D3B3C300B125D7 /* Error */,
				162423951791128E00B77711 /* Images.xcassets */,
				1624238A1791128E00B77711 /* Supporting Files */,
			);
			path = DigitalOcean;
			sourceTree = "<group>";
		};
		1624238A1791128E00B77711 /* Supporting Files */ = {
			isa = PBXGroup;
			children = (
				1624238B1791128E00B77711 /* DigitalOcean-Info.plist */,
				1624238C1791128E00B77711 /* InfoPlist.strings */,
				1624238F1791128E00B77711 /* main.m */,
				162423911791128E00B77711 /* DigitalOcean-Prefix.pch */,
			);
			name = "Supporting Files";
			sourceTree = "<group>";
		};
		162423A21791128E00B77711 /* DigitalOceanTests */ = {
			isa = PBXGroup;
			children = (
				162423A81791128E00B77711 /* DigitalOceanTests.m */,
				162423A31791128E00B77711 /* Supporting Files */,
			);
			path = DigitalOceanTests;
			sourceTree = "<group>";
		};
		162423A31791128E00B77711 /* Supporting Files */ = {
			isa = PBXGroup;
			children = (
				162423A41791128E00B77711 /* DigitalOceanTests-Info.plist */,
				162423A51791128E00B77711 /* InfoPlist.strings */,
			);
			name = "Supporting Files";
			sourceTree = "<group>";
		};
		162423B21791141900B77711 /* Singletons */ = {
			isa = PBXGroup;
			children = (
				162423921791128E00B77711 /* AppDelegate.h */,
				162423931791128E00B77711 /* AppDelegate.m */,
				162423B3179114A400B77711 /* DigitalOceanAPIClient.h */,
				162423B4179114A400B77711 /* DigitalOceanAPIClient.m */,
				1623227B1791F2D300EE05EF /* DOData.h */,
				1623227C1791F2D300EE05EF /* DOData.m */,
			);
			name = Singletons;
			sourceTree = "<group>";
		};
		162423B71791154E00B77711 /* Constants */ = {
			isa = PBXGroup;
			children = (
				162423B81791156B00B77711 /* Constants.h */,
				1623227A1791E9A900EE05EF /* DigitalOcean.h */,
			);
			name = Constants;
			sourceTree = "<group>";
		};
		162423B9179116C300B77711 /* Model + Data */ = {
			isa = PBXGroup;
			children = (
				1667321D17D3AFDE00B125D7 /* ARModelObject.h */,
				1667321E17D3AFDE00B125D7 /* ARModelObject.m */,
				162423BA1791172D00B77711 /* DODroplet.h */,
				162423BB1791172D00B77711 /* DODroplet.m */,
				162423BE1791178D00B77711 /* DORegion.h */,
				162423BF1791178D00B77711 /* DORegion.m */,
				162423C2179117C100B77711 /* DOImage.h */,
				162423C3179117C100B77711 /* DOImage.m */,
				162322761791DCD700EE05EF /* DOSize.h */,
				162322771791DCD700EE05EF /* DOSize.m */,
				162322841791FD8500EE05EF /* DOObject.h */,
				162322851791FD8500EE05EF /* DOObject.m */,
				1667322917D3D89F00B125D7 /* DODropletAction.h */,
				1667322A17D3D89F00B125D7 /* DODropletAction.m */,
				16C5C87317DD0D9000F22F37 /* DOBackup.h */,
				16C5C87417DD0D9000F22F37 /* DOBackup.m */,
				16C5C87617DD0DB900F22F37 /* DOSnapshot.h */,
				16C5C87717DD0DB900F22F37 /* DOSnapshot.m */,
			);
			name = "Model + Data";
			sourceTree = "<group>";
		};
		1667322317D3B3C300B125D7 /* Error */ = {
			isa = PBXGroup;
			children = (
				1667321917D3AFDE00B125D7 /* ARError.h */,
				1667321A17D3AFDE00B125D7 /* ARError.m */,
				1667321B17D3AFDE00B125D7 /* ARErrorDomain.h */,
				1667321C17D3AFDE00B125D7 /* ARErrorDomain.m */,
			);
			name = Error;
			sourceTree = "<group>";
		};
		16DF7CC61793A39B00993D35 /* Views */ = {
			isa = PBXGroup;
			children = (
				16DF7CCB1793A49900993D35 /* DropletViewCell.h */,
				16DF7CCC1793A49900993D35 /* DropletViewCell.m */,
				16C5C85C17DAC1A300F22F37 /* ARColorButton.h */,
				16C5C85D17DAC1A300F22F37 /* ARColorButton.m */,
				16C5C86817DCE0C600F22F37 /* DropletActionView.h */,
				16C5C86917DCE0C600F22F37 /* DropletActionView.m */,
				163EEA4117DEA88A00D217C0 /* DoubleInputView.h */,
				163EEA4217DEA88A00D217C0 /* DoubleInputView.m */,
			);
			name = Views;
			sourceTree = "<group>";
		};
/* End PBXGroup section */

/* Begin PBXNativeTarget section */
		1624237F1791128E00B77711 /* DigitalOcean */ = {
			isa = PBXNativeTarget;
			buildConfigurationList = 162423AC1791128E00B77711 /* Build configuration list for PBXNativeTarget "DigitalOcean" */;
			buildPhases = (
				147388373BBA4F09A9D9BFD9 /* Check Pods Manifest.lock */,
				1624237C1791128E00B77711 /* Sources */,
				1624237D1791128E00B77711 /* Frameworks */,
				1624237E1791128E00B77711 /* Resources */,
				3CF2003ACE3B4411A73C404F /* Copy Pods Resources */,
			);
			buildRules = (
			);
			dependencies = (
			);
			name = DigitalOcean;
			productName = DigitalOcean;
			productReference = 162423801791128E00B77711 /* Maritimo.app */;
			productType = "com.apple.product-type.application";
		};
		1624239A1791128E00B77711 /* DigitalOceanTests */ = {
			isa = PBXNativeTarget;
			buildConfigurationList = 162423AF1791128E00B77711 /* Build configuration list for PBXNativeTarget "DigitalOceanTests" */;
			buildPhases = (
				162423971791128E00B77711 /* Sources */,
				162423981791128E00B77711 /* Frameworks */,
				162423991791128E00B77711 /* Resources */,
			);
			buildRules = (
			);
			dependencies = (
				162423A11791128E00B77711 /* PBXTargetDependency */,
			);
			name = DigitalOceanTests;
			productName = DigitalOceanTests;
			productReference = 1624239B1791128E00B77711 /* DigitalOceanTests.xctest */;
			productType = "com.apple.product-type.bundle.unit-test";
		};
/* End PBXNativeTarget section */

/* Begin PBXProject section */
		162423781791128E00B77711 /* Project object */ = {
			isa = PBXProject;
			attributes = {
				LastUpgradeCheck = 0500;
				ORGANIZATIONNAME = "Axel Rivera";
				TargetAttributes = {
					1624237F1791128E00B77711 = {
						DevelopmentTeam = C2Q5BUZ3MX;
					};
					1624239A1791128E00B77711 = {
						TestTargetID = 1624237F1791128E00B77711;
					};
				};
			};
			buildConfigurationList = 1624237B1791128E00B77711 /* Build configuration list for PBXProject "DigitalOcean" */;
			compatibilityVersion = "Xcode 3.2";
			developmentRegion = English;
			hasScannedForEncodings = 0;
			knownRegions = (
				en,
			);
			mainGroup = 162423771791128E00B77711;
			productRefGroup = 162423811791128E00B77711 /* Products */;
			projectDirPath = "";
			projectRoot = "";
			targets = (
				1624237F1791128E00B77711 /* DigitalOcean */,
				1624239A1791128E00B77711 /* DigitalOceanTests */,
			);
		};
/* End PBXProject section */

/* Begin PBXResourcesBuildPhase section */
		1624237E1791128E00B77711 /* Resources */ = {
			isa = PBXResourcesBuildPhase;
			buildActionMask = 2147483647;
			files = (
				16C5C87217DD068500F22F37 /* SnapshotsViewController.xib in Resources */,
				16EB74CD17D95E1200A80D81 /* LoginViewController.xib in Resources */,
				1624238E1791128E00B77711 /* InfoPlist.strings in Resources */,
				169447BE17E80A2500DECA84 /* DropletImageViewController.xib in Resources */,
				16B91C1817ED187100A3DE87 /* DomainsViewController.xib in Resources */,
				16014A5C17DFF00600A71FF5 /* CredentialsViewController.xib in Resources */,
				169447B417E809EA00DECA84 /* DropletSizeViewController.xib in Resources */,
				169447B917E80A0F00DECA84 /* DropletRegionViewController.xib in Resources */,
				162322921792124900EE05EF /* MainViewController.xib in Resources */,
				162423961791128E00B77711 /* Images.xcassets in Resources */,
				163EEA4017DE977700D217C0 /* SettingsViewController.xib in Resources */,
				1667322817D3D2F900B125D7 /* DropletViewController.xib in Resources */,
				16B91C1D17ED194100A3DE87 /* KeysViewController.xib in Resources */,
				169447C317E80A4000DECA84 /* DropletOptionalViewController.xib in Resources */,
				16B91C2217ED195500A3DE87 /* ImagesViewController.xib in Resources */,
				1656835517E7EA980096D795 /* DropletAddViewController.xib in Resources */,
			);
			runOnlyForDeploymentPostprocessing = 0;
		};
		162423991791128E00B77711 /* Resources */ = {
			isa = PBXResourcesBuildPhase;
			buildActionMask = 2147483647;
			files = (
				162423A71791128E00B77711 /* InfoPlist.strings in Resources */,
				162322931792124900EE05EF /* MainViewController.xib in Resources */,
			);
			runOnlyForDeploymentPostprocessing = 0;
		};
/* End PBXResourcesBuildPhase section */

/* Begin PBXShellScriptBuildPhase section */
		147388373BBA4F09A9D9BFD9 /* Check Pods Manifest.lock */ = {
			isa = PBXShellScriptBuildPhase;
			buildActionMask = 2147483647;
			files = (
			);
			inputPaths = (
			);
			name = "Check Pods Manifest.lock";
			outputPaths = (
			);
			runOnlyForDeploymentPostprocessing = 0;
			shellPath = /bin/sh;
			shellScript = "diff \"${PODS_ROOT}/../Podfile.lock\" \"${PODS_ROOT}/Manifest.lock\" > /dev/null\nif [[ $? != 0 ]] ; then\n    cat << EOM\nerror: The sandbox is not in sync with the Podfile.lock. Run 'pod install' or update your CocoaPods installation.\nEOM\n    exit 1\nfi\n";
			showEnvVarsInLog = 0;
		};
		3CF2003ACE3B4411A73C404F /* Copy Pods Resources */ = {
			isa = PBXShellScriptBuildPhase;
			buildActionMask = 2147483647;
			files = (
			);
			inputPaths = (
			);
			name = "Copy Pods Resources";
			outputPaths = (
			);
			runOnlyForDeploymentPostprocessing = 0;
			shellPath = /bin/sh;
			shellScript = "\"${SRCROOT}/Pods/Pods-resources.sh\"\n";
			showEnvVarsInLog = 0;
		};
/* End PBXShellScriptBuildPhase section */

/* Begin PBXSourcesBuildPhase section */
		1624237C1791128E00B77711 /* Sources */ = {
			isa = PBXSourcesBuildPhase;
			buildActionMask = 2147483647;
			files = (
				163EEA4317DEA88A00D217C0 /* DoubleInputView.m in Sources */,
				169447C217E80A4000DECA84 /* DropletOptionalViewController.m in Sources */,
				1623227D1791F2D300EE05EF /* DOData.m in Sources */,
				16EB74CC17D95E1200A80D81 /* LoginViewController.m in Sources */,
				16B91C1717ED187100A3DE87 /* DomainsViewController.m in Sources */,
				16C5C87517DD0D9000F22F37 /* DOBackup.m in Sources */,
				162322781791DCD700EE05EF /* DOSize.m in Sources */,
				162423C4179117C100B77711 /* DOImage.m in Sources */,
				165ACB5917D429040004B5D5 /* ARActivityView.m in Sources */,
				162322861791FD8500EE05EF /* DOObject.m in Sources */,
				162322811791F91E00EE05EF /* NSArray+DigitalOcean.m in Sources */,
				16C5C87817DD0DB900F22F37 /* DOSnapshot.m in Sources */,
				1667322717D3D2F900B125D7 /* DropletViewController.m in Sources */,
				162423941791128E00B77711 /* AppDelegate.m in Sources */,
				169447B817E80A0F00DECA84 /* DropletRegionViewController.m in Sources */,
				1667322017D3AFDE00B125D7 /* ARError.m in Sources */,
				16B91C2117ED195500A3DE87 /* ImagesViewController.m in Sources */,
				16E5A60517DAA02700A6DCBC /* UILabel+DigitalOcean.m in Sources */,
				162423901791128E00B77711 /* main.m in Sources */,
				16C5C86417DCD3FB00F22F37 /* UIImage+Tint.m in Sources */,
				16C5C85E17DAC1A300F22F37 /* ARColorButton.m in Sources */,
				16C5C86717DCD70700F22F37 /* UIButton+Color.m in Sources */,
				16C5C87117DD068500F22F37 /* SnapshotsViewController.m in Sources */,
				1667322B17D3D89F00B125D7 /* DODropletAction.m in Sources */,
				162322901792124900EE05EF /* MainViewController.m in Sources */,
				162423C01791178D00B77711 /* DORegion.m in Sources */,
				16B91C1C17ED194100A3DE87 /* KeysViewController.m in Sources */,
				162423BC1791172D00B77711 /* DODroplet.m in Sources */,
				16C5C86A17DCE0C600F22F37 /* DropletActionView.m in Sources */,
				1667322217D3AFDE00B125D7 /* ARModelObject.m in Sources */,
				169447BD17E80A2500DECA84 /* DropletImageViewController.m in Sources */,
				16DF7CCD1793A49900993D35 /* DropletViewCell.m in Sources */,
				1667322117D3AFDE00B125D7 /* ARErrorDomain.m in Sources */,
				169447B317E809EA00DECA84 /* DropletSizeViewController.m in Sources */,
				1623228A17920F2600EE05EF /* UIColor+DigitalOcean.m in Sources */,
				1656835417E7EA980096D795 /* DropletAddViewController.m in Sources */,
				163EEA3F17DE977700D217C0 /* SettingsViewController.m in Sources */,
				162423B5179114A400B77711 /* DigitalOceanAPIClient.m in Sources */,
			);
			runOnlyForDeploymentPostprocessing = 0;
		};
		162423971791128E00B77711 /* Sources */ = {
			isa = PBXSourcesBuildPhase;
			buildActionMask = 2147483647;
			files = (
				162322911792124900EE05EF /* MainViewController.m in Sources */,
				162423B6179114A400B77711 /* DigitalOceanAPIClient.m in Sources */,
				1623228B17920F2600EE05EF /* UIColor+DigitalOcean.m in Sources */,
				16DF7CCE1793A49900993D35 /* DropletViewCell.m in Sources */,
				162423C5179117C100B77711 /* DOImage.m in Sources */,
				162423A91791128E00B77711 /* DigitalOceanTests.m in Sources */,
				1623227E1791F2D300EE05EF /* DOData.m in Sources */,
				162322821791F91E00EE05EF /* NSArray+DigitalOcean.m in Sources */,
				162423BD1791172D00B77711 /* DODroplet.m in Sources */,
				162423C11791178D00B77711 /* DORegion.m in Sources */,
				162322871791FD8500EE05EF /* DOObject.m in Sources */,
				162322791791DCD700EE05EF /* DOSize.m in Sources */,
			);
			runOnlyForDeploymentPostprocessing = 0;
		};
/* End PBXSourcesBuildPhase section */

/* Begin PBXTargetDependency section */
		162423A11791128E00B77711 /* PBXTargetDependency */ = {
			isa = PBXTargetDependency;
			target = 1624237F1791128E00B77711 /* DigitalOcean */;
			targetProxy = 162423A01791128E00B77711 /* PBXContainerItemProxy */;
		};
/* End PBXTargetDependency section */

/* Begin PBXVariantGroup section */
		1624238C1791128E00B77711 /* InfoPlist.strings */ = {
			isa = PBXVariantGroup;
			children = (
				1624238D1791128E00B77711 /* en */,
			);
			name = InfoPlist.strings;
			sourceTree = "<group>";
		};
		162423A51791128E00B77711 /* InfoPlist.strings */ = {
			isa = PBXVariantGroup;
			children = (
				162423A61791128E00B77711 /* en */,
			);
			name = InfoPlist.strings;
			sourceTree = "<group>";
		};
/* End PBXVariantGroup section */

/* Begin XCBuildConfiguration section */
		162423AA1791128E00B77711 /* Debug */ = {
			isa = XCBuildConfiguration;
			buildSettings = {
				ALWAYS_SEARCH_USER_PATHS = NO;
				CLANG_CXX_LANGUAGE_STANDARD = "gnu++0x";
				CLANG_CXX_LIBRARY = "libc++";
				CLANG_ENABLE_MODULES = YES;
				CLANG_ENABLE_OBJC_ARC = YES;
				CLANG_WARN_BOOL_CONVERSION = YES;
				CLANG_WARN_CONSTANT_CONVERSION = YES;
				CLANG_WARN_DIRECT_OBJC_ISA_USAGE = YES_ERROR;
				CLANG_WARN_EMPTY_BODY = YES;
				CLANG_WARN_ENUM_CONVERSION = YES;
				CLANG_WARN_INT_CONVERSION = YES;
				CLANG_WARN_OBJC_ROOT_CLASS = YES_ERROR;
				CLANG_WARN__DUPLICATE_METHOD_MATCH = YES;
				"CODE_SIGN_IDENTITY[sdk=iphoneos*]" = "";
				COPY_PHASE_STRIP = NO;
				GCC_C_LANGUAGE_STANDARD = gnu99;
				GCC_DYNAMIC_NO_PIC = NO;
				GCC_OPTIMIZATION_LEVEL = 0;
				GCC_PREPROCESSOR_DEFINITIONS = (
					"DEBUG=1",
					"$(inherited)",
				);
				GCC_SYMBOLS_PRIVATE_EXTERN = NO;
				GCC_WARN_ABOUT_RETURN_TYPE = YES_ERROR;
				GCC_WARN_UNDECLARED_SELECTOR = YES;
				GCC_WARN_UNINITIALIZED_AUTOS = YES;
				GCC_WARN_UNUSED_FUNCTION = YES;
				GCC_WARN_UNUSED_VARIABLE = YES;
				IPHONEOS_DEPLOYMENT_TARGET = 7.0;
				ONLY_ACTIVE_ARCH = YES;
				PROVISIONING_PROFILE = "9886F3D8-9FFF-450D-A238-70B8DBFDC062";
				SDKROOT = iphoneos;
			};
			name = Debug;
		};
		162423AB1791128E00B77711 /* Release */ = {
			isa = XCBuildConfiguration;
			buildSettings = {
				ALWAYS_SEARCH_USER_PATHS = NO;
				CLANG_CXX_LANGUAGE_STANDARD = "gnu++0x";
				CLANG_CXX_LIBRARY = "libc++";
				CLANG_ENABLE_MODULES = YES;
				CLANG_ENABLE_OBJC_ARC = YES;
				CLANG_WARN_BOOL_CONVERSION = YES;
				CLANG_WARN_CONSTANT_CONVERSION = YES;
				CLANG_WARN_DIRECT_OBJC_ISA_USAGE = YES_ERROR;
				CLANG_WARN_EMPTY_BODY = YES;
				CLANG_WARN_ENUM_CONVERSION = YES;
				CLANG_WARN_INT_CONVERSION = YES;
				CLANG_WARN_OBJC_ROOT_CLASS = YES_ERROR;
				CLANG_WARN__DUPLICATE_METHOD_MATCH = YES;
				CODE_SIGN_IDENTITY = "iPhone Distribution";
				"CODE_SIGN_IDENTITY[sdk=iphoneos*]" = "iPhone Developer";
				COPY_PHASE_STRIP = YES;
				ENABLE_NS_ASSERTIONS = NO;
				GCC_C_LANGUAGE_STANDARD = gnu99;
				GCC_WARN_ABOUT_RETURN_TYPE = YES_ERROR;
				GCC_WARN_UNDECLARED_SELECTOR = YES;
				GCC_WARN_UNINITIALIZED_AUTOS = YES;
				GCC_WARN_UNUSED_FUNCTION = YES;
				GCC_WARN_UNUSED_VARIABLE = YES;
				IPHONEOS_DEPLOYMENT_TARGET = 7.0;
				SDKROOT = iphoneos;
				VALIDATE_PRODUCT = YES;
			};
			name = Release;
		};
		162423AD1791128E00B77711 /* Debug */ = {
			isa = XCBuildConfiguration;
			baseConfigurationReference = 65CCEFA2174943BEAA3F2E86 /* Pods.xcconfig */;
			buildSettings = {
				ASSETCATALOG_COMPILER_APPICON_NAME = AppIcon;
				ASSETCATALOG_COMPILER_LAUNCHIMAGE_NAME = LaunchImage;
				CODE_SIGN_IDENTITY = "";
				"CODE_SIGN_IDENTITY[sdk=iphoneos*]" = "";
				GCC_PRECOMPILE_PREFIX_HEADER = YES;
				GCC_PREFIX_HEADER = "DigitalOcean/DigitalOcean-Prefix.pch";
				INFOPLIST_FILE = "DigitalOcean/DigitalOcean-Info.plist";
				IPHONEOS_DEPLOYMENT_TARGET = 7.0;
				PRODUCT_NAME = Maritimo;
				PROVISIONING_PROFILE = "9886F3D8-9FFF-450D-A238-70B8DBFDC062";
				WRAPPER_EXTENSION = app;
			};
			name = Debug;
		};
		162423AE1791128E00B77711 /* Release */ = {
			isa = XCBuildConfiguration;
			baseConfigurationReference = 65CCEFA2174943BEAA3F2E86 /* Pods.xcconfig */;
			buildSettings = {
				ASSETCATALOG_COMPILER_APPICON_NAME = AppIcon;
				ASSETCATALOG_COMPILER_LAUNCHIMAGE_NAME = LaunchImage;
				CODE_SIGN_IDENTITY = "iPhone Distribution";
				GCC_PRECOMPILE_PREFIX_HEADER = YES;
				GCC_PREFIX_HEADER = "DigitalOcean/DigitalOcean-Prefix.pch";
				INFOPLIST_FILE = "DigitalOcean/DigitalOcean-Info.plist";
				IPHONEOS_DEPLOYMENT_TARGET = 7.0;
				PRODUCT_NAME = Maritimo;
				WRAPPER_EXTENSION = app;
			};
			name = Release;
		};
		162423B01791128E00B77711 /* Debug */ = {
			isa = XCBuildConfiguration;
			buildSettings = {
				BUNDLE_LOADER = "$(BUILT_PRODUCTS_DIR)/DigitalOcean.app/DigitalOcean";
				FRAMEWORK_SEARCH_PATHS = (
					"$(SDKROOT)/Developer/Library/Frameworks",
					"$(inherited)",
					"$(SYSTEM_APPS_DIR)/Xcode5-DP3.app/Contents/Developer/Library/Frameworks",
				);
				GCC_PRECOMPILE_PREFIX_HEADER = YES;
				GCC_PREFIX_HEADER = "DigitalOcean/DigitalOcean-Prefix.pch";
				GCC_PREPROCESSOR_DEFINITIONS = (
					"DEBUG=1",
					"$(inherited)",
				);
				INFOPLIST_FILE = "DigitalOceanTests/DigitalOceanTests-Info.plist";
				PRODUCT_NAME = "$(TARGET_NAME)";
				TEST_HOST = "$(BUNDLE_LOADER)";
				WRAPPER_EXTENSION = xctest;
			};
			name = Debug;
		};
		162423B11791128E00B77711 /* Release */ = {
			isa = XCBuildConfiguration;
			buildSettings = {
				BUNDLE_LOADER = "$(BUILT_PRODUCTS_DIR)/DigitalOcean.app/DigitalOcean";
				FRAMEWORK_SEARCH_PATHS = (
					"$(SDKROOT)/Developer/Library/Frameworks",
					"$(inherited)",
					"$(SYSTEM_APPS_DIR)/Xcode5-DP3.app/Contents/Developer/Library/Frameworks",
				);
				GCC_PRECOMPILE_PREFIX_HEADER = YES;
				GCC_PREFIX_HEADER = "DigitalOcean/DigitalOcean-Prefix.pch";
				INFOPLIST_FILE = "DigitalOceanTests/DigitalOceanTests-Info.plist";
				PRODUCT_NAME = "$(TARGET_NAME)";
				TEST_HOST = "$(BUNDLE_LOADER)";
				WRAPPER_EXTENSION = xctest;
			};
			name = Release;
		};
/* End XCBuildConfiguration section */

/* Begin XCConfigurationList section */
		1624237B1791128E00B77711 /* Build configuration list for PBXProject "DigitalOcean" */ = {
			isa = XCConfigurationList;
			buildConfigurations = (
				162423AA1791128E00B77711 /* Debug */,
				162423AB1791128E00B77711 /* Release */,
			);
			defaultConfigurationIsVisible = 0;
			defaultConfigurationName = Release;
		};
		162423AC1791128E00B77711 /* Build configuration list for PBXNativeTarget "DigitalOcean" */ = {
			isa = XCConfigurationList;
			buildConfigurations = (
				162423AD1791128E00B77711 /* Debug */,
				162423AE1791128E00B77711 /* Release */,
			);
			defaultConfigurationIsVisible = 0;
			defaultConfigurationName = Release;
		};
		162423AF1791128E00B77711 /* Build configuration list for PBXNativeTarget "DigitalOceanTests" */ = {
			isa = XCConfigurationList;
			buildConfigurations = (
				162423B01791128E00B77711 /* Debug */,
				162423B11791128E00B77711 /* Release */,
			);
			defaultConfigurationIsVisible = 0;
			defaultConfigurationName = Release;
		};
/* End XCConfigurationList section */
	};
	rootObject = 162423781791128E00B77711 /* Project object */;
}
